{
  "name": "micurso",
  "lockfileVersion": 3,
  "requires": true,
  "packages": {
    "": {
      "dependencies": {
        "admin-lte": "^4.0.0-rc4"
      }
    },
    "node_modules/admin-lte": {
      "version": "4.0.0-rc6",
      "resolved": "https://registry.npmjs.org/admin-lte/-/admin-lte-4.0.0-rc6.tgz",
      "integrity": "sha512-bJmCkfXesZKRD6OScTDSY6bYch5QsMDJv8pFnRESvSVKccH2WjUu3CuBC6qVcTggcaM2KPVO4DWDi0tRElMvqg=="
    }
  }
}
